// !$*UTF8*$!
{
	archiveVersion = 1;
	classes = {
	};
	objectVersion = 46;
	objects = {

/* Begin PBXBuildFile section */
		1A2FB8EF1DE70FDE006A52B7 /* AppDelegate.swift in Sources */ = {isa = PBXBuildFile; fileRef = 1A2FB8EE1DE70FDE006A52B7 /* AppDelegate.swift */; };
		1A2FB8F11DE70FDE006A52B7 /* ViewController.swift in Sources */ = {isa = PBXBuildFile; fileRef = 1A2FB8F01DE70FDE006A52B7 /* ViewController.swift */; };
		1A2FB8F41DE70FDE006A52B7 /* Main.storyboard in Resources */ = {isa = PBXBuildFile; fileRef = 1A2FB8F21DE70FDE006A52B7 /* Main.storyboard */; };
		1A2FB8F61DE70FDE006A52B7 /* Assets.xcassets in Resources */ = {isa = PBXBuildFile; fileRef = 1A2FB8F51DE70FDE006A52B7 /* Assets.xcassets */; };
		1A2FB8F91DE70FDE006A52B7 /* LaunchScreen.storyboard in Resources */ = {isa = PBXBuildFile; fileRef = 1A2FB8F71DE70FDE006A52B7 /* LaunchScreen.storyboard */; };
		1A41861A1DE8657900C744AE /* ZCPlayerViewController.swift in Sources */ = {isa = PBXBuildFile; fileRef = 1A4186181DE8657900C744AE /* ZCPlayerViewController.swift */; };
		1A41861B1DE8657900C744AE /* ZCPlayerViewController.xib in Resources */ = {isa = PBXBuildFile; fileRef = 1A4186191DE8657900C744AE /* ZCPlayerViewController.xib */; };
/* End PBXBuildFile section */

/* Begin PBXFileReference section */
		1A2FB8EB1DE70FDE006A52B7 /* ZCPlayer.app */ = {isa = PBXFileReference; explicitFileType = wrapper.application; includeInIndex = 0; path = ZCPlayer.app; sourceTree = BUILT_PRODUCTS_DIR; };
		1A2FB8EE1DE70FDE006A52B7 /* AppDelegate.swift */ = {isa = PBXFileReference; lastKnownFileType = sourcecode.swift; path = AppDelegate.swift; sourceTree = "<group>"; };
		1A2FB8F01DE70FDE006A52B7 /* ViewController.swift */ = {isa = PBXFileReference; lastKnownFileType = sourcecode.swift; path = ViewController.swift; sourceTree = "<group>"; };
		1A2FB8F31DE70FDE006A52B7 /* Base */ = {isa = PBXFileReference; lastKnownFileType = file.storyboard; name = Base; path = Base.lproj/Main.storyboard; sourceTree = "<group>"; };
		1A2FB8F51DE70FDE006A52B7 /* Assets.xcassets */ = {isa = PBXFileReference; lastKnownFileType = folder.assetcatalog; path = Assets.xcassets; sourceTree = "<group>"; };
		1A2FB8F81DE70FDE006A52B7 /* Base */ = {isa = PBXFileReference; lastKnownFileType = file.storyboard; name = Base; path = Base.lproj/LaunchScreen.storyboard; sourceTree = "<group>"; };
		1A2FB8FA1DE70FDE006A52B7 /* Info.plist */ = {isa = PBXFileReference; lastKnownFileType = text.plist.xml; path = Info.plist; sourceTree = "<group>"; };
		1A4186181DE8657900C744AE /* ZCPlayerViewController.swift */ = {isa = PBXFileReference; fileEncoding = 4; lastKnownFileType = sourcecode.swift; path = ZCPlayerViewController.swift; sourceTree = "<group>"; };
		1A4186191DE8657900C744AE /* ZCPlayerViewController.xib */ = {isa = PBXFileReference; fileEncoding = 4; lastKnownFileType = file.xib; path = ZCPlayerViewController.xib; sourceTree = "<group>"; };
/* End PBXFileReference section */

/* Begin PBXFrameworksBuildPhase section */
		1A2FB8E81DE70FDE006A52B7 /* Frameworks */ = {
			isa = PBXFrameworksBuildPhase;
			buildActionMask = 2147483647;
			files = (
			);
			runOnlyForDeploymentPostprocessing = 0;
		};
/* End PBXFrameworksBuildPhase section */

/* Begin PBXGroup section */
		1A2FB8E21DE70FDE006A52B7 = {
			isa = PBXGroup;
			children = (
				1A2FB8ED1DE70FDE006A52B7 /* ZCPlayer */,
				1A2FB8EC1DE70FDE006A52B7 /* Products */,
			);
			sourceTree = "<group>";
		};
		1A2FB8EC1DE70FDE006A52B7 /* Products */ = {
			isa = PBXGroup;
			children = (
				1A2FB8EB1DE70FDE006A52B7 /* ZCPlayer.app */,
			);
			name = Products;
			sourceTree = "<group>";
		};
		1A2FB8ED1DE70FDE006A52B7 /* ZCPlayer */ = {
			isa = PBXGroup;
			children = (
				1A2FB8EE1DE70FDE006A52B7 /* AppDelegate.swift */,
				1A2FB8F01DE70FDE006A52B7 /* ViewController.swift */,
				1A2FB8F21DE70FDE006A52B7 /* Main.storyboard */,
				1A2FB8F51DE70FDE006A52B7 /* Assets.xcassets */,
				1A4186181DE8657900C744AE /* ZCPlayerViewController.swift */,
				1A4186191DE8657900C744AE /* ZCPlayerViewController.xib */,
				1A2FB8F71DE70FDE006A52B7 /* LaunchScreen.storyboard */,
				1A2FB8FA1DE70FDE006A52B7 /* Info.plist */,
			);
			path = ZCPlayer;
			sourceTree = "<group>";
		};
/* End PBXGroup section */

/* Begin PBXNativeTarget section */
		1A2FB8EA1DE70FDE006A52B7 /* ZCPlayer */ = {
			isa = PBXNativeTarget;
			buildConfigurationList = 1A2FB8FD1DE70FDE006A52B7 /* Build configuration list for PBXNativeTarget "ZCPlayer" */;
			buildPhases = (
				1A2FB8E71DE70FDE006A52B7 /* Sources */,
				1A2FB8E81DE70FDE006A52B7 /* Frameworks */,
				1A2FB8E91DE70FDE006A52B7 /* Resources */,
			);
			buildRules = (
			);
			dependencies = (
			);
			name = ZCPlayer;
			productName = ZCPlayer;
			productReference = 1A2FB8EB1DE70FDE006A52B7 /* ZCPlayer.app */;
			productType = "com.apple.product-type.application";
		};
/* End PBXNativeTarget section */

/* Begin PBXProject section */
		1A2FB8E31DE70FDE006A52B7 /* Project object */ = {
			isa = PBXProject;
			attributes = {
				LastSwiftUpdateCheck = 0800;
				LastUpgradeCheck = 0800;
				ORGANIZATIONNAME = Zcoder;
				TargetAttributes = {
					1A2FB8EA1DE70FDE006A52B7 = {
						CreatedOnToolsVersion = 8.0;
						DevelopmentTeam = 8LM9AMKE5Y;
						ProvisioningStyle = Automatic;
					};
				};
			};
			buildConfigurationList = 1A2FB8E61DE70FDE006A52B7 /* Build configuration list for PBXProject "ZCPlayer" */;
			compatibilityVersion = "Xcode 3.2";
			developmentRegion = English;
			hasScannedForEncodings = 0;
			knownRegions = (
				en,
				Base,
			);
			mainGroup = 1A2FB8E21DE70FDE006A52B7;
			productRefGroup = 1A2FB8EC1DE70FDE006A52B7 /* Products */;
			projectDirPath = "";
			projectRoot = "";
			targets = (
				1A2FB8EA1DE70FDE006A52B7 /* ZCPlayer */,
			);
		};
/* End PBXProject section */

/* Begin PBXResourcesBuildPhase section */
		1A2FB8E91DE70FDE006A52B7 /* Resources */ = {
			isa = PBXResourcesBuildPhase;
			buildActionMask = 2147483647;
			files = (
				1A2FB8F91DE70FDE006A52B7 /* LaunchScreen.storyboard in Resources */,
				1A2FB8F61DE70FDE006A52B7 /* Assets.xcassets in Resources */,
				1A2FB8F41DE70FDE006A52B7 /* Main.storyboard in Resources */,
				1A41861B1DE8657900C744AE /* ZCPlayerViewController.xib in Resources */,
			);
			runOnlyForDeploymentPostprocessing = 0;
		};
/* End PBXResourcesBuildPhase section */

/* Begin PBXSourcesBuildPhase section */
		1A2FB8E71DE70FDE006A52B7 /* Sources */ = {
			isa = PBXSourcesBuildPhase;
			buildActionMask = 2147483647;
			files = (
				1A41861A1DE8657900C744AE /* ZCPlayerViewController.swift in Sources */,
				1A2FB8F11DE70FDE006A52B7 /* ViewController.swift in Sources */,
				1A2FB8EF1DE70FDE006A52B7 /* AppDelegate.swift in Sources */,
			);
			runOnlyForDeploymentPostprocessing = 0;
		};
/* End PBXSourcesBuildPhase section */

/* Begin PBXVariantGroup section */
		1A2FB8F21DE70FDE006A52B7 /* Main.storyboard */ = {
			isa = PBXVariantGroup;
			children = (
				1A2FB8F31DE70FDE006A52B7 /* Base */,
			);
			name = Main.storyboard;
			sourceTree = "<group>";
		};
		1A2FB8F71DE70FDE006A52B7 /* LaunchScreen.storyboard */ = {
			isa = PBXVariantGroup;
			children = (
				1A2FB8F81DE70FDE006A52B7 /* Base */,
			);
			name = LaunchScreen.storyboard;
			sourceTree = "<group>";
		};
/* End PBXVariantGroup section */

/* Begin XCBuildConfiguration section */
		1A2FB8FB1DE70FDE006A52B7 /* Debug */ = {
			isa = XCBuildConfiguration;
			buildSettings = {
				ALWAYS_SEARCH_USER_PATHS = NO;
				CLANG_ANALYZER_NONNULL = YES;
				CLANG_CXX_LANGUAGE_STANDARD = "gnu++0x";
				CLANG_CXX_LIBRARY = "libc++";
				CLANG_ENABLE_MODULES = YES;
				CLANG_ENABLE_OBJC_ARC = YES;
				CLANG_WARN_BOOL_CONVERSION = YES;
				CLANG_WARN_CONSTANT_CONVERSION = YES;
				CLANG_WARN_DIRECT_OBJC_ISA_USAGE = YES_ERROR;
				CLANG_WARN_DOCUMENTATION_COMMENTS = YES;
				CLANG_WARN_EMPTY_BODY = YES;
				CLANG_WARN_ENUM_CONVERSION = YES;
				CLANG_WARN_INFINITE_RECURSION = YES;
				CLANG_WARN_INT_CONVERSION = YES;
				CLANG_WARN_OBJC_ROOT_CLASS = YES_ERROR;
				CLANG_WARN_SUSPICIOUS_MOVES = YES;
				CLANG_WARN_UNREACHABLE_CODE = YES;
				CLANG_WARN__DUPLICATE_METHOD_MATCH = YES;
				"CODE_SIGN_IDENTITY[sdk=iphoneos*]" = "iPhone Developer";
				COPY_PHASE_STRIP = NO;
				DEBUG_INFORMATION_FORMAT = dwarf;
				ENABLE_STRICT_OBJC_MSGSEND = YES;
				ENABLE_TESTABILITY = YES;
				GCC_C_LANGUAGE_STANDARD = gnu99;
				GCC_DYNAMIC_NO_PIC = NO;
				GCC_NO_COMMON_BLOCKS = YES;
				GCC_OPTIMIZATION_LEVEL = 0;
				GCC_PREPROCESSOR_DEFINITIONS = (
					"DEBUG=1",
					"$(inherited)",
				);
				GCC_WARN_64_TO_32_BIT_CONVERSION = YES;
				GCC_WARN_ABOUT_RETURN_TYPE = YES_ERROR;
				GCC_WARN_UNDECLARED_SELECTOR = YES;
				GCC_WARN_UNINITIALIZED_AUTOS = YES_AGGRESSIVE;
				GCC_WARN_UNUSED_FUNCTION = YES;
				GCC_WARN_UNUSED_VARIABLE = YES;
				IPHONEOS_DEPLOYMENT_TARGET = 10.0;
				MTL_ENABLE_DEBUG_INFO = YES;
				ONLY_ACTIVE_ARCH = YES;
				SDKROOT = iphoneos;
				SWIFT_ACTIVE_COMPILATION_CONDITIONS = DEBUG;
				SWIFT_OPTIMIZATION_LEVEL = "-Onone";
			};
			name = Debug;
		};
		1A2FB8FC1DE70FDE006A52B7 /* Release */ = {
			isa = XCBuildConfiguration;
			buildSettings = {
				ALWAYS_SEARCH_USER_PATHS = NO;
				CLANG_ANALYZER_NONNULL = YES;
				CLANG_CXX_LANGUAGE_STANDARD = "gnu++0x";
				CLANG_CXX_LIBRARY = "libc++";
				CLANG_ENABLE_MODULES = YES;
				CLANG_ENABLE_OBJC_ARC = YES;
				CLANG_WARN_BOOL_CONVERSION = YES;
				CLANG_WARN_CONSTANT_CONVERSION = YES;
				CLANG_WARN_DIRECT_OBJC_ISA_USAGE = YES_ERROR;
				CLANG_WARN_DOCUMENTATION_COMMENTS = YES;
				CLANG_WARN_EMPTY_BODY = YES;
				CLANG_WARN_ENUM_CONVERSION = YES;
				CLANG_WARN_INFINITE_RECURSION = YES;
				CLANG_WARN_INT_CONVERSION = YES;
				CLANG_WARN_OBJC_ROOT_CLASS = YES_ERROR;
				CLANG_WARN_SUSPICIOUS_MOVES = YES;
				CLANG_WARN_UNREACHABLE_CODE = YES;
				CLANG_WARN__DUPLICATE_METHOD_MATCH = YES;
				"CODE_SIGN_IDENTITY[sdk=iphoneos*]" = "iPhone Developer";
				COPY_PHASE_STRIP = NO;
				DEBUG_INFORMATION_FORMAT = "dwarf-with-dsym";
				ENABLE_NS_ASSERTIONS = NO;
				ENABLE_STRICT_OBJC_MSGSEND = YES;
				GCC_C_LANGUAGE_STANDARD = gnu99;
				GCC_NO_COMMON_BLOCKS = YES;
				GCC_WARN_64_TO_32_BIT_CONVERSION = YES;
				GCC_WARN_ABOUT_RETURN_TYPE = YES_ERROR;
				GCC_WARN_UNDECLARED_SELECTOR = YES;
				GCC_WARN_UNINITIALIZED_AUTOS = YES_AGGRESSIVE;
				GCC_WARN_UNUSED_FUNCTION = YES;
				GCC_WARN_UNUSED_VARIABLE = YES;
				IPHONEOS_DEPLOYMENT_TARGET = 10.0;
				MTL_ENABLE_DEBUG_INFO = NO;
				SDKROOT = iphoneos;
				SWIFT_OPTIMIZATION_LEVEL = "-Owholemodule";
				VALIDATE_PRODUCT = YES;
			};
			name = Release;
		};
		1A2FB8FE1DE70FDE006A52B7 /* Debug */ = {
			isa = XCBuildConfiguration;
			buildSettings = {
				ASSETCATALOG_COMPILER_APPICON_NAME = AppIcon;
				DEVELOPMENT_TEAM = 8LM9AMKE5Y;
				INFOPLIST_FILE = ZCPlayer/Info.plist;
				LD_RUNPATH_SEARCH_PATHS = "$(inherited) @executable_path/Frameworks";
				PRODUCT_BUNDLE_IDENTIFIER = com.cusen.ZCPlayer;
				PRODUCT_NAME = "$(TARGET_NAME)";
				SWIFT_VERSION = 3.0;
			};
			name = Debug;
		};
		1A2FB8FF1DE70FDE006A52B7 /* Release */ = {
			isa = XCBuildConfiguration;
			buildSettings = {
				ASSETCATALOG_COMPILER_APPICON_NAME = AppIcon;
				DEVELOPMENT_TEAM = 8LM9AMKE5Y;
				INFOPLIST_FILE = ZCPlayer/Info.plist;
				LD_RUNPATH_SEARCH_PATHS = "$(inherited) @executable_path/Frameworks";
				PRODUCT_BUNDLE_IDENTIFIER = com.cusen.ZCPlayer;
				PRODUCT_NAME = "$(TARGET_NAME)";
				SWIFT_VERSION = 3.0;
			};
			name = Release;
		};
/* End XCBuildConfiguration section */

/* Begin XCConfigurationList section */
		1A2FB8E61DE70FDE006A52B7 /* Build configuration list for PBXProject "ZCPlayer" */ = {
			isa = XCConfigurationList;
			buildConfigurations = (
				1A2FB8FB1DE70FDE006A52B7 /* Debug */,
				1A2FB8FC1DE70FDE006A52B7 /* Release */,
			);
			defaultConfigurationIsVisible = 0;
			defaultConfigurationName = Release;
		};
		1A2FB8FD1DE70FDE006A52B7 /* Build configuration list for PBXNativeTarget "ZCPlayer" */ = {
			isa = XCConfigurationList;
			buildConfigurations = (
				1A2FB8FE1DE70FDE006A52B7 /* Debug */,
				1A2FB8FF1DE70FDE006A52B7 /* Release */,
			);
			defaultConfigurationIsVisible = 0;
			defaultConfigurationName = Release;
		};
/* End XCConfigurationList section */
	};
	rootObject = 1A2FB8E31DE70FDE006A52B7 /* Project object */;
}
